// !$*UTF8*$!
{
	archiveVersion = 1;
	classes = {
	};
	objectVersion = 46;
	objects = {

/* Begin PBXBuildFile section */
		59A5184E1B82D650003B533A /* HYLImageViewControllerTests.swift in Sources */ = {isa = PBXBuildFile; fileRef = 59A5184D1B82D650003B533A /* HYLImageViewControllerTests.swift */; };
		59D824FE1B86D9380094F558 /* HYLImageCachedDownloader.swift in Sources */ = {isa = PBXBuildFile; fileRef = 59D824F91B86D9380094F558 /* HYLImageCachedDownloader.swift */; };
		59D824FF1B86D9380094F558 /* HYLImageScrollViewController.swift in Sources */ = {isa = PBXBuildFile; fileRef = 59D824FA1B86D9380094F558 /* HYLImageScrollViewController.swift */; };
		59D825001B86D9380094F558 /* HYLMultiImagesViewController.swift in Sources */ = {isa = PBXBuildFile; fileRef = 59D824FB1B86D9380094F558 /* HYLMultiImagesViewController.swift */; };
		59D825011B86D9380094F558 /* String+MD5.swift in Sources */ = {isa = PBXBuildFile; fileRef = 59D824FC1B86D9380094F558 /* String+MD5.swift */; };
		59D825021B86D9380094F558 /* UIImageView+LocalCache.swift in Sources */ = {isa = PBXBuildFile; fileRef = 59D824FD1B86D9380094F558 /* UIImageView+LocalCache.swift */; };
		59D8250B1B86DA6A0094F558 /* HYLFileManager.m in Sources */ = {isa = PBXBuildFile; fileRef = 59D825061B86DA6A0094F558 /* HYLFileManager.m */; };
		59D8250C1B86DA6A0094F558 /* UIImage+Compress.m in Sources */ = {isa = PBXBuildFile; fileRef = 59D825081B86DA6A0094F558 /* UIImage+Compress.m */; };
		59D8250D1B86DA6A0094F558 /* HYLImageManager.m in Sources */ = {isa = PBXBuildFile; fileRef = 59D8250A1B86DA6A0094F558 /* HYLImageManager.m */; };
		59D825231B86DB270094F558 /* AppDelegate.swift in Sources */ = {isa = PBXBuildFile; fileRef = 59D8251A1B86DB270094F558 /* AppDelegate.swift */; };
		59D825241B86DB270094F558 /* LaunchScreen.xib in Resources */ = {isa = PBXBuildFile; fileRef = 59D8251B1B86DB270094F558 /* LaunchScreen.xib */; };
		59D825251B86DB270094F558 /* Main.storyboard in Resources */ = {isa = PBXBuildFile; fileRef = 59D8251D1B86DB270094F558 /* Main.storyboard */; };
		59D825261B86DB270094F558 /* Images.xcassets in Resources */ = {isa = PBXBuildFile; fileRef = 59D825201B86DB270094F558 /* Images.xcassets */; };
		59D825281B86DB270094F558 /* ViewController.swift in Sources */ = {isa = PBXBuildFile; fileRef = 59D825221B86DB270094F558 /* ViewController.swift */; };
/* End PBXBuildFile section */

/* Begin PBXContainerItemProxy section */
		59A518481B82D650003B533A /* PBXContainerItemProxy */ = {
			isa = PBXContainerItemProxy;
			containerPortal = 59A5182A1B82D64F003B533A /* Project object */;
			proxyType = 1;
			remoteGlobalIDString = 59A518311B82D64F003B533A;
			remoteInfo = HYLImageViewController;
		};
/* End PBXContainerItemProxy section */

/* Begin PBXFileReference section */
		59A518321B82D64F003B533A /* HYLMultiImagesViewControllerDemo.app */ = {isa = PBXFileReference; explicitFileType = wrapper.application; includeInIndex = 0; path = HYLMultiImagesViewControllerDemo.app; sourceTree = BUILT_PRODUCTS_DIR; };
		59A518471B82D650003B533A /* HYLMultiImagesViewControllerDemoTests.xctest */ = {isa = PBXFileReference; explicitFileType = wrapper.cfbundle; includeInIndex = 0; path = HYLMultiImagesViewControllerDemoTests.xctest; sourceTree = BUILT_PRODUCTS_DIR; };
		59A5184C1B82D650003B533A /* Info.plist */ = {isa = PBXFileReference; lastKnownFileType = text.plist.xml; path = Info.plist; sourceTree = "<group>"; };
		59A5184D1B82D650003B533A /* HYLImageViewControllerTests.swift */ = {isa = PBXFileReference; lastKnownFileType = sourcecode.swift; path = HYLImageViewControllerTests.swift; sourceTree = "<group>"; };
		59D824F91B86D9380094F558 /* HYLImageCachedDownloader.swift */ = {isa = PBXFileReference; fileEncoding = 4; lastKnownFileType = sourcecode.swift; path = HYLImageCachedDownloader.swift; sourceTree = "<group>"; };
		59D824FA1B86D9380094F558 /* HYLImageScrollViewController.swift */ = {isa = PBXFileReference; fileEncoding = 4; lastKnownFileType = sourcecode.swift; path = HYLImageScrollViewController.swift; sourceTree = "<group>"; };
		59D824FB1B86D9380094F558 /* HYLMultiImagesViewController.swift */ = {isa = PBXFileReference; fileEncoding = 4; lastKnownFileType = sourcecode.swift; path = HYLMultiImagesViewController.swift; sourceTree = "<group>"; };
		59D824FC1B86D9380094F558 /* String+MD5.swift */ = {isa = PBXFileReference; fileEncoding = 4; lastKnownFileType = sourcecode.swift; path = "String+MD5.swift"; sourceTree = "<group>"; };
		59D824FD1B86D9380094F558 /* UIImageView+LocalCache.swift */ = {isa = PBXFileReference; fileEncoding = 4; lastKnownFileType = sourcecode.swift; path = "UIImageView+LocalCache.swift"; sourceTree = "<group>"; };
		59D825051B86DA6A0094F558 /* HYLFileManager.h */ = {isa = PBXFileReference; fileEncoding = 4; lastKnownFileType = sourcecode.c.h; path = HYLFileManager.h; sourceTree = "<group>"; };
		59D825061B86DA6A0094F558 /* HYLFileManager.m */ = {isa = PBXFileReference; fileEncoding = 4; lastKnownFileType = sourcecode.c.objc; path = HYLFileManager.m; sourceTree = "<group>"; };
		59D825071B86DA6A0094F558 /* UIImage+Compress.h */ = {isa = PBXFileReference; fileEncoding = 4; lastKnownFileType = sourcecode.c.h; path = "UIImage+Compress.h"; sourceTree = "<group>"; };
		59D825081B86DA6A0094F558 /* UIImage+Compress.m */ = {isa = PBXFileReference; fileEncoding = 4; lastKnownFileType = sourcecode.c.objc; path = "UIImage+Compress.m"; sourceTree = "<group>"; };
		59D825091B86DA6A0094F558 /* HYLImageManager.h */ = {isa = PBXFileReference; fileEncoding = 4; lastKnownFileType = sourcecode.c.h; path = HYLImageManager.h; sourceTree = "<group>"; };
		59D8250A1B86DA6A0094F558 /* HYLImageManager.m */ = {isa = PBXFileReference; fileEncoding = 4; lastKnownFileType = sourcecode.c.objc; path = HYLImageManager.m; sourceTree = "<group>"; };
		59D8251A1B86DB270094F558 /* AppDelegate.swift */ = {isa = PBXFileReference; fileEncoding = 4; lastKnownFileType = sourcecode.swift; path = AppDelegate.swift; sourceTree = "<group>"; };
		59D8251C1B86DB270094F558 /* Base */ = {isa = PBXFileReference; lastKnownFileType = file.xib; name = Base; path = Base.lproj/LaunchScreen.xib; sourceTree = "<group>"; };
		59D8251E1B86DB270094F558 /* Base */ = {isa = PBXFileReference; lastKnownFileType = file.storyboard; name = Base; path = Base.lproj/Main.storyboard; sourceTree = "<group>"; };
		59D8251F1B86DB270094F558 /* HYLImageViewControllerDemo-Bridging-Header.h */ = {isa = PBXFileReference; fileEncoding = 4; lastKnownFileType = sourcecode.c.h; path = "HYLImageViewControllerDemo-Bridging-Header.h"; sourceTree = "<group>"; };
		59D825201B86DB270094F558 /* Images.xcassets */ = {isa = PBXFileReference; lastKnownFileType = folder.assetcatalog; path = Images.xcassets; sourceTree = "<group>"; };
		59D825211B86DB270094F558 /* Info.plist */ = {isa = PBXFileReference; fileEncoding = 4; lastKnownFileType = text.plist.xml; path = Info.plist; sourceTree = "<group>"; };
		59D825221B86DB270094F558 /* ViewController.swift */ = {isa = PBXFileReference; fileEncoding = 4; lastKnownFileType = sourcecode.swift; path = ViewController.swift; sourceTree = "<group>"; };
/* End PBXFileReference section */

/* Begin PBXFrameworksBuildPhase section */
		59A5182F1B82D64F003B533A /* Frameworks */ = {
			isa = PBXFrameworksBuildPhase;
			buildActionMask = 2147483647;
			files = (
			);
			runOnlyForDeploymentPostprocessing = 0;
		};
		59A518441B82D650003B533A /* Frameworks */ = {
			isa = PBXFrameworksBuildPhase;
			buildActionMask = 2147483647;
			files = (
			);
			runOnlyForDeploymentPostprocessing = 0;
		};
/* End PBXFrameworksBuildPhase section */

/* Begin PBXGroup section */
		59A518291B82D64F003B533A = {
			isa = PBXGroup;
			children = (
				59D824F81B86D9380094F558 /* HYLMultiImagesViewController */,
				59D825031B86DA6A0094F558 /* HYLImageManager */,
				59D825191B86DB270094F558 /* HYLMultiImagesViewControllerDemo */,
				59A5184A1B82D650003B533A /* HYLImageViewControllerTests */,
				59A518331B82D64F003B533A /* Products */,
			);
			sourceTree = "<group>";
		};
		59A518331B82D64F003B533A /* Products */ = {
			isa = PBXGroup;
			children = (
				59A518321B82D64F003B533A /* HYLMultiImagesViewControllerDemo.app */,
				59A518471B82D650003B533A /* HYLMultiImagesViewControllerDemoTests.xctest */,
			);
			name = Products;
			sourceTree = "<group>";
		};
		59A5184A1B82D650003B533A /* HYLImageViewControllerTests */ = {
			isa = PBXGroup;
			children = (
				59A5184D1B82D650003B533A /* HYLImageViewControllerTests.swift */,
				59A5184B1B82D650003B533A /* Supporting Files */,
			);
			path = HYLImageViewControllerTests;
			sourceTree = "<group>";
		};
		59A5184B1B82D650003B533A /* Supporting Files */ = {
			isa = PBXGroup;
			children = (
				59A5184C1B82D650003B533A /* Info.plist */,
			);
			name = "Supporting Files";
			sourceTree = "<group>";
		};
		59D824F81B86D9380094F558 /* HYLMultiImagesViewController */ = {
			isa = PBXGroup;
			children = (
				59D824F91B86D9380094F558 /* HYLImageCachedDownloader.swift */,
				59D824FA1B86D9380094F558 /* HYLImageScrollViewController.swift */,
				59D824FB1B86D9380094F558 /* HYLMultiImagesViewController.swift */,
				59D824FC1B86D9380094F558 /* String+MD5.swift */,
				59D824FD1B86D9380094F558 /* UIImageView+LocalCache.swift */,
			);
			path = HYLMultiImagesViewController;
			sourceTree = "<group>";
		};
		59D825031B86DA6A0094F558 /* HYLImageManager */ = {
			isa = PBXGroup;
			children = (
				59D825041B86DA6A0094F558 /* HYLFileManager */,
				59D825091B86DA6A0094F558 /* HYLImageManager.h */,
				59D8250A1B86DA6A0094F558 /* HYLImageManager.m */,
			);
			path = HYLImageManager;
			sourceTree = "<group>";
		};
		59D825041B86DA6A0094F558 /* HYLFileManager */ = {
			isa = PBXGroup;
			children = (
				59D825051B86DA6A0094F558 /* HYLFileManager.h */,
				59D825061B86DA6A0094F558 /* HYLFileManager.m */,
				59D825071B86DA6A0094F558 /* UIImage+Compress.h */,
				59D825081B86DA6A0094F558 /* UIImage+Compress.m */,
			);
			path = HYLFileManager;
			sourceTree = "<group>";
		};
		59D825191B86DB270094F558 /* HYLMultiImagesViewControllerDemo */ = {
			isa = PBXGroup;
			children = (
				59D8251A1B86DB270094F558 /* AppDelegate.swift */,
				59D8251B1B86DB270094F558 /* LaunchScreen.xib */,
				59D8251D1B86DB270094F558 /* Main.storyboard */,
				59D8251F1B86DB270094F558 /* HYLImageViewControllerDemo-Bridging-Header.h */,
				59D825201B86DB270094F558 /* Images.xcassets */,
				59D825211B86DB270094F558 /* Info.plist */,
				59D825221B86DB270094F558 /* ViewController.swift */,
			);
			path = HYLMultiImagesViewControllerDemo;
			sourceTree = "<group>";
		};
/* End PBXGroup section */

/* Begin PBXNativeTarget section */
		59A518311B82D64F003B533A /* HYLMultiImagesViewControllerDemo */ = {
			isa = PBXNativeTarget;
			buildConfigurationList = 59A518511B82D650003B533A /* Build configuration list for PBXNativeTarget "HYLMultiImagesViewControllerDemo" */;
			buildPhases = (
				59A5182E1B82D64F003B533A /* Sources */,
				59A5182F1B82D64F003B533A /* Frameworks */,
				59A518301B82D64F003B533A /* Resources */,
			);
			buildRules = (
			);
			dependencies = (
			);
			name = HYLMultiImagesViewControllerDemo;
			productName = HYLImageViewController;
			productReference = 59A518321B82D64F003B533A /* HYLMultiImagesViewControllerDemo.app */;
			productType = "com.apple.product-type.application";
		};
		59A518461B82D650003B533A /* HYLMultiImagesViewControllerDemoTests */ = {
			isa = PBXNativeTarget;
			buildConfigurationList = 59A518541B82D650003B533A /* Build configuration list for PBXNativeTarget "HYLMultiImagesViewControllerDemoTests" */;
			buildPhases = (
				59A518431B82D650003B533A /* Sources */,
				59A518441B82D650003B533A /* Frameworks */,
				59A518451B82D650003B533A /* Resources */,
			);
			buildRules = (
			);
			dependencies = (
				59A518491B82D650003B533A /* PBXTargetDependency */,
			);
			name = HYLMultiImagesViewControllerDemoTests;
			productName = HYLImageViewControllerTests;
			productReference = 59A518471B82D650003B533A /* HYLMultiImagesViewControllerDemoTests.xctest */;
			productType = "com.apple.product-type.bundle.unit-test";
		};
/* End PBXNativeTarget section */

/* Begin PBXProject section */
		59A5182A1B82D64F003B533A /* Project object */ = {
			isa = PBXProject;
			attributes = {
				LastUpgradeCheck = 0640;
				ORGANIZATIONNAME = HeYilei;
				TargetAttributes = {
					59A518311B82D64F003B533A = {
						CreatedOnToolsVersion = 6.4;
					};
					59A518461B82D650003B533A = {
						CreatedOnToolsVersion = 6.4;
						TestTargetID = 59A518311B82D64F003B533A;
					};
				};
			};
			buildConfigurationList = 59A5182D1B82D64F003B533A /* Build configuration list for PBXProject "HYLMultiImagesViewControllerDemo" */;
			compatibilityVersion = "Xcode 3.2";
			developmentRegion = English;
			hasScannedForEncodings = 0;
			knownRegions = (
				en,
				Base,
			);
			mainGroup = 59A518291B82D64F003B533A;
			productRefGroup = 59A518331B82D64F003B533A /* Products */;
			projectDirPath = "";
			projectRoot = "";
			targets = (
				59A518311B82D64F003B533A /* HYLMultiImagesViewControllerDemo */,
				59A518461B82D650003B533A /* HYLMultiImagesViewControllerDemoTests */,
			);
		};
/* End PBXProject section */

/* Begin PBXResourcesBuildPhase section */
		59A518301B82D64F003B533A /* Resources */ = {
			isa = PBXResourcesBuildPhase;
			buildActionMask = 2147483647;
			files = (
				59D825261B86DB270094F558 /* Images.xcassets in Resources */,
				59D825241B86DB270094F558 /* LaunchScreen.xib in Resources */,
				59D825251B86DB270094F558 /* Main.storyboard in Resources */,
			);
			runOnlyForDeploymentPostprocessing = 0;
		};
		59A518451B82D650003B533A /* Resources */ = {
			isa = PBXResourcesBuildPhase;
			buildActionMask = 2147483647;
			files = (
			);
			runOnlyForDeploymentPostprocessing = 0;
		};
/* End PBXResourcesBuildPhase section */

/* Begin PBXSourcesBuildPhase section */
		59A5182E1B82D64F003B533A /* Sources */ = {
			isa = PBXSourcesBuildPhase;
			buildActionMask = 2147483647;
			files = (
				59D825281B86DB270094F558 /* ViewController.swift in Sources */,
				59D824FE1B86D9380094F558 /* HYLImageCachedDownloader.swift in Sources */,
				59D825001B86D9380094F558 /* HYLMultiImagesViewController.swift in Sources */,
				59D8250B1B86DA6A0094F558 /* HYLFileManager.m in Sources */,
				59D825231B86DB270094F558 /* AppDelegate.swift in Sources */,
				59D8250C1B86DA6A0094F558 /* UIImage+Compress.m in Sources */,
				59D824FF1B86D9380094F558 /* HYLImageScrollViewController.swift in Sources */,
				59D825011B86D9380094F558 /* String+MD5.swift in Sources */,
				59D825021B86D9380094F558 /* UIImageView+LocalCache.swift in Sources */,
				59D8250D1B86DA6A0094F558 /* HYLImageManager.m in Sources */,
			);
			runOnlyForDeploymentPostprocessing = 0;
		};
		59A518431B82D650003B533A /* Sources */ = {
			isa = PBXSourcesBuildPhase;
			buildActionMask = 2147483647;
			files = (
				59A5184E1B82D650003B533A /* HYLImageViewControllerTests.swift in Sources */,
			);
			runOnlyForDeploymentPostprocessing = 0;
		};
/* End PBXSourcesBuildPhase section */

/* Begin PBXTargetDependency section */
		59A518491B82D650003B533A /* PBXTargetDependency */ = {
			isa = PBXTargetDependency;
			target = 59A518311B82D64F003B533A /* HYLMultiImagesViewControllerDemo */;
			targetProxy = 59A518481B82D650003B533A /* PBXContainerItemProxy */;
		};
/* End PBXTargetDependency section */

/* Begin PBXVariantGroup section */
		59D8251B1B86DB270094F558 /* LaunchScreen.xib */ = {
			isa = PBXVariantGroup;
			children = (
				59D8251C1B86DB270094F558 /* Base */,
			);
			name = LaunchScreen.xib;
			sourceTree = "<group>";
		};
		59D8251D1B86DB270094F558 /* Main.storyboard */ = {
			isa = PBXVariantGroup;
			children = (
				59D8251E1B86DB270094F558 /* Base */,
			);
			name = Main.storyboard;
			sourceTree = "<group>";
		};
/* End PBXVariantGroup section */

/* Begin XCBuildConfiguration section */
		59A5184F1B82D650003B533A /* Debug */ = {
			isa = XCBuildConfiguration;
			buildSettings = {
				ALWAYS_SEARCH_USER_PATHS = NO;
				CLANG_CXX_LANGUAGE_STANDARD = "gnu++0x";
				CLANG_CXX_LIBRARY = "libc++";
				CLANG_ENABLE_MODULES = YES;
				CLANG_ENABLE_OBJC_ARC = YES;
				CLANG_WARN_BOOL_CONVERSION = YES;
				CLANG_WARN_CONSTANT_CONVERSION = YES;
				CLANG_WARN_DIRECT_OBJC_ISA_USAGE = YES_ERROR;
				CLANG_WARN_EMPTY_BODY = YES;
				CLANG_WARN_ENUM_CONVERSION = YES;
				CLANG_WARN_INT_CONVERSION = YES;
				CLANG_WARN_OBJC_ROOT_CLASS = YES_ERROR;
				CLANG_WARN_UNREACHABLE_CODE = YES;
				CLANG_WARN__DUPLICATE_METHOD_MATCH = YES;
				"CODE_SIGN_IDENTITY[sdk=iphoneos*]" = "iPhone Developer";
				COPY_PHASE_STRIP = NO;
				DEBUG_INFORMATION_FORMAT = "dwarf-with-dsym";
				ENABLE_STRICT_OBJC_MSGSEND = YES;
				GCC_C_LANGUAGE_STANDARD = gnu99;
				GCC_DYNAMIC_NO_PIC = NO;
				GCC_NO_COMMON_BLOCKS = YES;
				GCC_OPTIMIZATION_LEVEL = 0;
				GCC_PREPROCESSOR_DEFINITIONS = (
					"DEBUG=1",
					"$(inherited)",
				);
				GCC_SYMBOLS_PRIVATE_EXTERN = NO;
				GCC_WARN_64_TO_32_BIT_CONVERSION = YES;
				GCC_WARN_ABOUT_RETURN_TYPE = YES_ERROR;
				GCC_WARN_UNDECLARED_SELECTOR = YES;
				GCC_WARN_UNINITIALIZED_AUTOS = YES_AGGRESSIVE;
				GCC_WARN_UNUSED_FUNCTION = YES;
				GCC_WARN_UNUSED_VARIABLE = YES;
				IPHONEOS_DEPLOYMENT_TARGET = 8.4;
				MTL_ENABLE_DEBUG_INFO = YES;
				ONLY_ACTIVE_ARCH = YES;
				SDKROOT = iphoneos;
				SWIFT_OPTIMIZATION_LEVEL = "-Onone";
				TARGETED_DEVICE_FAMILY = "1,2";
			};
			name = Debug;
		};
		59A518501B82D650003B533A /* Release */ = {
			isa = XCBuildConfiguration;
			buildSettings = {
				ALWAYS_SEARCH_USER_PATHS = NO;
				CLANG_CXX_LANGUAGE_STANDARD = "gnu++0x";
				CLANG_CXX_LIBRARY = "libc++";
				CLANG_ENABLE_MODULES = YES;
				CLANG_ENABLE_OBJC_ARC = YES;
				CLANG_WARN_BOOL_CONVERSION = YES;
				CLANG_WARN_CONSTANT_CONVERSION = YES;
				CLANG_WARN_DIRECT_OBJC_ISA_USAGE = YES_ERROR;
				CLANG_WARN_EMPTY_BODY = YES;
				CLANG_WARN_ENUM_CONVERSION = YES;
				CLANG_WARN_INT_CONVERSION = YES;
				CLANG_WARN_OBJC_ROOT_CLASS = YES_ERROR;
				CLANG_WARN_UNREACHABLE_CODE = YES;
				CLANG_WARN__DUPLICATE_METHOD_MATCH = YES;
				"CODE_SIGN_IDENTITY[sdk=iphoneos*]" = "iPhone Developer";
				COPY_PHASE_STRIP = NO;
				DEBUG_INFORMATION_FORMAT = "dwarf-with-dsym";
				ENABLE_NS_ASSERTIONS = NO;
				ENABLE_STRICT_OBJC_MSGSEND = YES;
				GCC_C_LANGUAGE_STANDARD = gnu99;
				GCC_NO_COMMON_BLOCKS = YES;
				GCC_WARN_64_TO_32_BIT_CONVERSION = YES;
				GCC_WARN_ABOUT_RETURN_TYPE = YES_ERROR;
				GCC_WARN_UNDECLARED_SELECTOR = YES;
				GCC_WARN_UNINITIALIZED_AUTOS = YES_AGGRESSIVE;
				GCC_WARN_UNUSED_FUNCTION = YES;
				GCC_WARN_UNUSED_VARIABLE = YES;
				IPHONEOS_DEPLOYMENT_TARGET = 8.4;
				MTL_ENABLE_DEBUG_INFO = NO;
				SDKROOT = iphoneos;
				TARGETED_DEVICE_FAMILY = "1,2";
				VALIDATE_PRODUCT = YES;
			};
			name = Release;
		};
		59A518521B82D650003B533A /* Debug */ = {
			isa = XCBuildConfiguration;
			buildSettings = {
				ASSETCATALOG_COMPILER_APPICON_NAME = AppIcon;
				INFOPLIST_FILE = "$(SRCROOT)/HYLMultiImagesViewControllerDemo/Info.plist";
				LD_RUNPATH_SEARCH_PATHS = "$(inherited) @executable_path/Frameworks";
				PRODUCT_NAME = HYLMultiImagesViewControllerDemo;
				SWIFT_OBJC_BRIDGING_HEADER = "./HYLMultiImagesViewControllerDemo/HYLImageViewControllerDemo-Bridging-Header.h";
			};
			name = Debug;
		};
		59A518531B82D650003B533A /* Release */ = {
			isa = XCBuildConfiguration;
			buildSettings = {
				ASSETCATALOG_COMPILER_APPICON_NAME = AppIcon;
				INFOPLIST_FILE = "$(SRCROOT)/HYLMultiImagesViewControllerDemo/Info.plist";
				LD_RUNPATH_SEARCH_PATHS = "$(inherited) @executable_path/Frameworks";
				PRODUCT_NAME = HYLMultiImagesViewControllerDemo;
				SWIFT_OBJC_BRIDGING_HEADER = "./HYLMultiImagesViewControllerDemo/HYLImageViewControllerDemo-Bridging-Header.h";
			};
			name = Release;
		};
		59A518551B82D650003B533A /* Debug */ = {
			isa = XCBuildConfiguration;
			buildSettings = {
				BUNDLE_LOADER = "$(TEST_HOST)";
				FRAMEWORK_SEARCH_PATHS = (
					"$(SDKROOT)/Developer/Library/Frameworks",
					"$(inherited)",
				);
				GCC_PREPROCESSOR_DEFINITIONS = (
					"DEBUG=1",
					"$(inherited)",
				);
				INFOPLIST_FILE = HYLImageViewControllerTests/Info.plist;
				LD_RUNPATH_SEARCH_PATHS = "$(inherited) @executable_path/Frameworks @loader_path/Frameworks";
				PRODUCT_NAME = HYLMultiImagesViewControllerDemoTests;
				TEST_HOST = "$(BUILT_PRODUCTS_DIR)/HYLMultiImagesViewControllerDemo.app/HYLMultiImagesViewControllerDemo";
			};
			name = Debug;
		};
		59A518561B82D650003B533A /* Release */ = {
			isa = XCBuildConfiguration;
			buildSettings = {
				BUNDLE_LOADER = "$(TEST_HOST)";
				FRAMEWORK_SEARCH_PATHS = (
					"$(SDKROOT)/Developer/Library/Frameworks",
					"$(inherited)",
				);
				INFOPLIST_FILE = HYLImageViewControllerTests/Info.plist;
				LD_RUNPATH_SEARCH_PATHS = "$(inherited) @executable_path/Frameworks @loader_path/Frameworks";
				PRODUCT_NAME = HYLMultiImagesViewControllerDemoTests;
				TEST_HOST = "$(BUILT_PRODUCTS_DIR)/HYLMultiImagesViewControllerDemo.app/HYLMultiImagesViewControllerDemo";
			};
			name = Release;
		};
/* End XCBuildConfiguration section */

/* Begin XCConfigurationList section */
		59A5182D1B82D64F003B533A /* Build configuration list for PBXProject "HYLMultiImagesViewControllerDemo" */ = {
			isa = XCConfigurationList;
			buildConfigurations = (
				59A5184F1B82D650003B533A /* Debug */,
				59A518501B82D650003B533A /* Release */,
			);
			defaultConfigurationIsVisible = 0;
			defaultConfigurationName = Release;
		};
		59A518511B82D650003B533A /* Build configuration list for PBXNativeTarget "HYLMultiImagesViewControllerDemo" */ = {
			isa = XCConfigurationList;
			buildConfigurations = (
				59A518521B82D650003B533A /* Debug */,
				59A518531B82D650003B533A /* Release */,
			);
			defaultConfigurationIsVisible = 0;
			defaultConfigurationName = Release;
		};
		59A518541B82D650003B533A /* Build configuration list for PBXNativeTarget "HYLMultiImagesViewControllerDemoTests" */ = {
			isa = XCConfigurationList;
			buildConfigurations = (
				59A518551B82D650003B533A /* Debug */,
				59A518561B82D650003B533A /* Release */,
			);
			defaultConfigurationIsVisible = 0;
			defaultConfigurationName = Release;
		};
/* End XCConfigurationList section */
	};
	rootObject = 59A5182A1B82D64F003B533A /* Project object */;
}
